
Microsoft Visual Studio Solution File, Format Version 12.00
# Visual Studio 15
VisualStudioVersion = 15.0.26730.3
MinimumVisualStudioVersion = 10.0.40219.1
Project("{FAE04EC0-301F-11D3-BF4B-00C04F79EFBC}") = "Emby.Kodi.SyncQueue", "Emby.Kodi.SyncQueue\Emby.Kodi.SyncQueue.csproj", "{50B94D48-2AE6-4C3F-A480-64379226E9D9}"
EndProject
Global
	GlobalSection(SolutionConfigurationPlatforms) = preSolution
		Debug|Any CPU = Debug|Any CPU
		Release|Any CPU = Release|Any CPU
	EndGlobalSection
	GlobalSection(ProjectConfigurationPlatforms) = postSolution
		{50B94D48-2AE6-4C3F-A480-64379226E9D9}.Debug|Any CPU.ActiveCfg = Debug|Any CPU
		{50B94D48-2AE6-4C3F-A480-64379226E9D9}.Debug|Any CPU.Build.0 = Debug|Any CPU
		{50B94D48-2AE6-4C3F-A480-64379226E9D9}.Release|Any CPU.ActiveCfg = Release|Any CPU
		{50B94D48-2AE6-4C3F-A480-64379226E9D9}.Release|Any CPU.Build.0 = Release|Any CPU
	EndGlobalSection
	GlobalSection(SolutionProperties) = preSolution
		HideSolutionNode = FALSE
	EndGlobalSection
	GlobalSection(ExtensibilityGlobals) = postSolution
		SolutionGuid = {12F9CDB3-0479-4663-8B55-21D07FE0AB83}
	EndGlobalSection
EndGlobal
